
Microsoft Visual Studio Solution File, Format Version 12.00
# Visual Studio Version 16
VisualStudioVersion = 16.0.32630.194
MinimumVisualStudioVersion = 10.0.40219.1
Project("{FAE04EC0-301F-11D3-BF4B-00C04F79EFBC}") = "ClassMetotDemo", "ClassMetotDemo\ClassMetotDemo.csproj", "{D9060A03-71E4-4FCB-9A0B-8F817D51C43B}"
EndProject
Global
	GlobalSection(SolutionConfigurationPlatforms) = preSolution
		Debug|Any CPU = Debug|Any CPU
		Release|Any CPU = Release|Any CPU
	EndGlobalSection
	GlobalSection(ProjectConfigurationPlatforms) = postSolution
		{D9060A03-71E4-4FCB-9A0B-8F817D51C43B}.Debug|Any CPU.ActiveCfg = Debug|Any CPU
		{D9060A03-71E4-4FCB-9A0B-8F817D51C43B}.Debug|Any CPU.Build.0 = Debug|Any CPU
		{D9060A03-71E4-4FCB-9A0B-8F817D51C43B}.Release|Any CPU.ActiveCfg = Release|Any CPU
		{D9060A03-71E4-4FCB-9A0B-8F817D51C43B}.Release|Any CPU.Build.0 = Release|Any CPU
	EndGlobalSection
	GlobalSection(SolutionProperties) = preSolution
		HideSolutionNode = FALSE
	EndGlobalSection
	GlobalSection(ExtensibilityGlobals) = postSolution
		SolutionGuid = {4BDF67E9-897B-46F4-B27F-55E6FFB124E4}
	EndGlobalSection
EndGlobal
